
Microsoft Visual Studio Solution File, Format Version 12.00
# Visual Studio Version 17
VisualStudioVersion = 17.0.31903.59
MinimumVisualStudioVersion = 10.0.40219.1
Project("{2150E333-8FDC-42A3-9474-1A3956D46DE8}") = "src", "src", "{D1D50A12-5F37-4841-AC7F-A21F931AC3E5}"
EndProject
Project("{FAE04EC0-301F-11D3-BF4B-00C04F79EFBC}") = "AlwaysOnTopTranscriber.Core", "src\AlwaysOnTopTranscriber.Core\AlwaysOnTopTranscriber.Core.csproj", "{2E56AC0B-A4E9-426D-8F7D-62971C7C40FC}"
EndProject
Project("{FAE04EC0-301F-11D3-BF4B-00C04F79EFBC}") = "AlwaysOnTopTranscriber.App", "src\AlwaysOnTopTranscriber.App\AlwaysOnTopTranscriber.App.csproj", "{A2A871E4-5D49-4BFD-B2B6-0B0C3A6F50B1}"
EndProject
Global
	GlobalSection(SolutionConfigurationPlatforms) = preSolution
		Debug|Any CPU = Debug|Any CPU
		Release|Any CPU = Release|Any CPU
	EndGlobalSection
	GlobalSection(SolutionProperties) = preSolution
		HideSolutionNode = FALSE
	EndGlobalSection
	GlobalSection(ProjectConfigurationPlatforms) = postSolution
		{2E56AC0B-A4E9-426D-8F7D-62971C7C40FC}.Debug|Any CPU.ActiveCfg = Debug|Any CPU
		{2E56AC0B-A4E9-426D-8F7D-62971C7C40FC}.Debug|Any CPU.Build.0 = Debug|Any CPU
		{2E56AC0B-A4E9-426D-8F7D-62971C7C40FC}.Release|Any CPU.ActiveCfg = Release|Any CPU
		{2E56AC0B-A4E9-426D-8F7D-62971C7C40FC}.Release|Any CPU.Build.0 = Release|Any CPU
		{A2A871E4-5D49-4BFD-B2B6-0B0C3A6F50B1}.Debug|Any CPU.ActiveCfg = Debug|Any CPU
		{A2A871E4-5D49-4BFD-B2B6-0B0C3A6F50B1}.Debug|Any CPU.Build.0 = Debug|Any CPU
		{A2A871E4-5D49-4BFD-B2B6-0B0C3A6F50B1}.Release|Any CPU.ActiveCfg = Release|Any CPU
		{A2A871E4-5D49-4BFD-B2B6-0B0C3A6F50B1}.Release|Any CPU.Build.0 = Release|Any CPU
	EndGlobalSection
	GlobalSection(NestedProjects) = preSolution
		{2E56AC0B-A4E9-426D-8F7D-62971C7C40FC} = {D1D50A12-5F37-4841-AC7F-A21F931AC3E5}
		{A2A871E4-5D49-4BFD-B2B6-0B0C3A6F50B1} = {D1D50A12-5F37-4841-AC7F-A21F931AC3E5}
	EndGlobalSection
EndGlobal
